
Microsoft Visual Studio Solution File, Format Version 12.00
# Visual Studio Version 17
VisualStudioVersion = 17.13.35825.156 d17.13
MinimumVisualStudioVersion = 10.0.40219.1
Project("{FAE04EC0-301F-11D3-BF4B-00C04F79EFBC}") = "MotAiIntel.api", "MotAiIntel.api.csproj", "{CDA54591-B7C1-D8E8-36A1-316D2C6FF084}"
EndProject
Global
	GlobalSection(SolutionConfigurationPlatforms) = preSolution
		Debug|Any CPU = Debug|Any CPU
		Release|Any CPU = Release|Any CPU
	EndGlobalSection
	GlobalSection(ProjectConfigurationPlatforms) = postSolution
		{CDA54591-B7C1-D8E8-36A1-316D2C6FF084}.Debug|Any CPU.ActiveCfg = Debug|Any CPU
		{CDA54591-B7C1-D8E8-36A1-316D2C6FF084}.Debug|Any CPU.Build.0 = Debug|Any CPU
		{CDA54591-B7C1-D8E8-36A1-316D2C6FF084}.Release|Any CPU.ActiveCfg = Release|Any CPU
		{CDA54591-B7C1-D8E8-36A1-316D2C6FF084}.Release|Any CPU.Build.0 = Release|Any CPU
	EndGlobalSection
	GlobalSection(SolutionProperties) = preSolution
		HideSolutionNode = FALSE
	EndGlobalSection
	GlobalSection(ExtensibilityGlobals) = postSolution
		SolutionGuid = {6B1EC89B-54D1-4D12-822B-437D595F4CBB}
	EndGlobalSection
EndGlobal
